
Microsoft Visual Studio Solution File, Format Version 12.00
# Visual Studio Version 17
VisualStudioVersion = 17.0.31612.314
MinimumVisualStudioVersion = 10.0.40219.1
Project("{FAE04EC0-301F-11D3-BF4B-00C04F79EFBC}") = "Weather", "Weather\Weather.csproj", "{37DF8C12-3B9B-423C-81B8-8EEF169B51AB}"
EndProject
Project("{FAE04EC0-301F-11D3-BF4B-00C04F79EFBC}") = "WeatherBL", "WeatherBL\WeatherBL.csproj", "{2AD0AA8D-016B-4F3F-8FAE-3E7B05984170}"
EndProject
Project("{FAE04EC0-301F-11D3-BF4B-00C04F79EFBC}") = "WeatherDAL", "WeatherDAL\WeatherDAL.csproj", "{01F27B73-67C7-46C1-A158-6C8767834A1C}"
EndProject
Global
	GlobalSection(SolutionConfigurationPlatforms) = preSolution
		Debug|Any CPU = Debug|Any CPU
		Release|Any CPU = Release|Any CPU
	EndGlobalSection
	GlobalSection(ProjectConfigurationPlatforms) = postSolution
		{37DF8C12-3B9B-423C-81B8-8EEF169B51AB}.Debug|Any CPU.ActiveCfg = Debug|Any CPU
		{37DF8C12-3B9B-423C-81B8-8EEF169B51AB}.Debug|Any CPU.Build.0 = Debug|Any CPU
		{37DF8C12-3B9B-423C-81B8-8EEF169B51AB}.Release|Any CPU.ActiveCfg = Release|Any CPU
		{37DF8C12-3B9B-423C-81B8-8EEF169B51AB}.Release|Any CPU.Build.0 = Release|Any CPU
		{2AD0AA8D-016B-4F3F-8FAE-3E7B05984170}.Debug|Any CPU.ActiveCfg = Debug|Any CPU
		{2AD0AA8D-016B-4F3F-8FAE-3E7B05984170}.Debug|Any CPU.Build.0 = Debug|Any CPU
		{2AD0AA8D-016B-4F3F-8FAE-3E7B05984170}.Release|Any CPU.ActiveCfg = Release|Any CPU
		{2AD0AA8D-016B-4F3F-8FAE-3E7B05984170}.Release|Any CPU.Build.0 = Release|Any CPU
		{01F27B73-67C7-46C1-A158-6C8767834A1C}.Debug|Any CPU.ActiveCfg = Debug|Any CPU
		{01F27B73-67C7-46C1-A158-6C8767834A1C}.Debug|Any CPU.Build.0 = Debug|Any CPU
		{01F27B73-67C7-46C1-A158-6C8767834A1C}.Release|Any CPU.ActiveCfg = Release|Any CPU
		{01F27B73-67C7-46C1-A158-6C8767834A1C}.Release|Any CPU.Build.0 = Release|Any CPU
	EndGlobalSection
	GlobalSection(SolutionProperties) = preSolution
		HideSolutionNode = FALSE
	EndGlobalSection
	GlobalSection(ExtensibilityGlobals) = postSolution
		SolutionGuid = {0B46181F-5983-413A-ADFE-15C0FD7ADB54}
	EndGlobalSection
EndGlobal
