
Microsoft Visual Studio Solution File, Format Version 12.00
# Visual Studio Version 17
VisualStudioVersion = 17.0.31612.314
MinimumVisualStudioVersion = 10.0.40219.1
Project("{FAE04EC0-301F-11D3-BF4B-00C04F79EFBC}") = "Weather", "Weather\Weather.csproj", "{37DF8C12-3B9B-423C-81B8-8EEF169B51AB}"
EndProject
Project("{FAE04EC0-301F-11D3-BF4B-00C04F79EFBC}") = "Weather.DAL", "Weather.DAL\Weather.DAL.csproj", "{64AF55A4-6FE2-49F4-97A6-FA786E3C6545}"
EndProject
Project("{FAE04EC0-301F-11D3-BF4B-00C04F79EFBC}") = "Weather.BL", "Weather.BL\Weather.BL.csproj", "{A79E17F2-E28B-4F99-9551-F228025B2B5E}"
EndProject
Global
	GlobalSection(SolutionConfigurationPlatforms) = preSolution
		Debug|Any CPU = Debug|Any CPU
		Release|Any CPU = Release|Any CPU
	EndGlobalSection
	GlobalSection(ProjectConfigurationPlatforms) = postSolution
		{37DF8C12-3B9B-423C-81B8-8EEF169B51AB}.Debug|Any CPU.ActiveCfg = Debug|Any CPU
		{37DF8C12-3B9B-423C-81B8-8EEF169B51AB}.Debug|Any CPU.Build.0 = Debug|Any CPU
		{37DF8C12-3B9B-423C-81B8-8EEF169B51AB}.Release|Any CPU.ActiveCfg = Release|Any CPU
		{37DF8C12-3B9B-423C-81B8-8EEF169B51AB}.Release|Any CPU.Build.0 = Release|Any CPU
		{64AF55A4-6FE2-49F4-97A6-FA786E3C6545}.Debug|Any CPU.ActiveCfg = Debug|Any CPU
		{64AF55A4-6FE2-49F4-97A6-FA786E3C6545}.Debug|Any CPU.Build.0 = Debug|Any CPU
		{64AF55A4-6FE2-49F4-97A6-FA786E3C6545}.Release|Any CPU.ActiveCfg = Release|Any CPU
		{64AF55A4-6FE2-49F4-97A6-FA786E3C6545}.Release|Any CPU.Build.0 = Release|Any CPU
		{A79E17F2-E28B-4F99-9551-F228025B2B5E}.Debug|Any CPU.ActiveCfg = Debug|Any CPU
		{A79E17F2-E28B-4F99-9551-F228025B2B5E}.Debug|Any CPU.Build.0 = Debug|Any CPU
		{A79E17F2-E28B-4F99-9551-F228025B2B5E}.Release|Any CPU.ActiveCfg = Release|Any CPU
		{A79E17F2-E28B-4F99-9551-F228025B2B5E}.Release|Any CPU.Build.0 = Release|Any CPU
	EndGlobalSection
	GlobalSection(SolutionProperties) = preSolution
		HideSolutionNode = FALSE
	EndGlobalSection
	GlobalSection(ExtensibilityGlobals) = postSolution
		SolutionGuid = {0B46181F-5983-413A-ADFE-15C0FD7ADB54}
	EndGlobalSection
EndGlobal
